// !$*UTF8*$!
{
	archiveVersion = 1;
	classes = {
	};
	objectVersion = 55;
	objects = {

/* Begin PBXBuildFile section */
		029003A228B2A8DB007FE4D6 /* RickAndMortySwiftyUIApp.swift in Sources */ = {isa = PBXBuildFile; fileRef = 029003A128B2A8DB007FE4D6 /* RickAndMortySwiftyUIApp.swift */; };
		029003A628B2A8DD007FE4D6 /* Assets.xcassets in Resources */ = {isa = PBXBuildFile; fileRef = 029003A528B2A8DD007FE4D6 /* Assets.xcassets */; };
		029003A928B2A8DD007FE4D6 /* Preview Assets.xcassets in Resources */ = {isa = PBXBuildFile; fileRef = 029003A828B2A8DD007FE4D6 /* Preview Assets.xcassets */; };
		029003B428B2A9D7007FE4D6 /* NetworkParams.swift in Sources */ = {isa = PBXBuildFile; fileRef = 029003B328B2A9D7007FE4D6 /* NetworkParams.swift */; };
		029003B628B2AB4A007FE4D6 /* NetworkManager.swift in Sources */ = {isa = PBXBuildFile; fileRef = 029003B528B2AB4A007FE4D6 /* NetworkManager.swift */; };
		029003B828B2AF24007FE4D6 /* NetworkError.swift in Sources */ = {isa = PBXBuildFile; fileRef = 029003B728B2AF24007FE4D6 /* NetworkError.swift */; };
		029003BA28B2B260007FE4D6 /* pageResult.swift in Sources */ = {isa = PBXBuildFile; fileRef = 029003B928B2B260007FE4D6 /* pageResult.swift */; };
		029003BC28B2B59D007FE4D6 /* RickAndMortyListViewModel.swift in Sources */ = {isa = PBXBuildFile; fileRef = 029003BB28B2B59D007FE4D6 /* RickAndMortyListViewModel.swift */; };
		029003C028B2BA00007FE4D6 /* ContentView.swift in Sources */ = {isa = PBXBuildFile; fileRef = 029003BF28B2BA00007FE4D6 /* ContentView.swift */; };
		029003C228B2BABD007FE4D6 /* RickAndMortyDetailView.swift in Sources */ = {isa = PBXBuildFile; fileRef = 029003C128B2BABD007FE4D6 /* RickAndMortyDetailView.swift */; };
		029003C428B2BAC9007FE4D6 /* RickAndMortyView.swift in Sources */ = {isa = PBXBuildFile; fileRef = 029003C328B2BAC9007FE4D6 /* RickAndMortyView.swift */; };
/* End PBXBuildFile section */

/* Begin PBXFileReference section */
		0290039E28B2A8DB007FE4D6 /* RickAndMortySwiftyUI.app */ = {isa = PBXFileReference; explicitFileType = wrapper.application; includeInIndex = 0; path = RickAndMortySwiftyUI.app; sourceTree = BUILT_PRODUCTS_DIR; };
		029003A128B2A8DB007FE4D6 /* RickAndMortySwiftyUIApp.swift */ = {isa = PBXFileReference; lastKnownFileType = sourcecode.swift; path = RickAndMortySwiftyUIApp.swift; sourceTree = "<group>"; };
		029003A528B2A8DD007FE4D6 /* Assets.xcassets */ = {isa = PBXFileReference; lastKnownFileType = folder.assetcatalog; path = Assets.xcassets; sourceTree = "<group>"; };
		029003A828B2A8DD007FE4D6 /* Preview Assets.xcassets */ = {isa = PBXFileReference; lastKnownFileType = folder.assetcatalog; path = "Preview Assets.xcassets"; sourceTree = "<group>"; };
		029003B328B2A9D7007FE4D6 /* NetworkParams.swift */ = {isa = PBXFileReference; lastKnownFileType = sourcecode.swift; path = NetworkParams.swift; sourceTree = "<group>"; };
		029003B528B2AB4A007FE4D6 /* NetworkManager.swift */ = {isa = PBXFileReference; lastKnownFileType = sourcecode.swift; path = NetworkManager.swift; sourceTree = "<group>"; };
		029003B728B2AF24007FE4D6 /* NetworkError.swift */ = {isa = PBXFileReference; lastKnownFileType = sourcecode.swift; path = NetworkError.swift; sourceTree = "<group>"; };
		029003B928B2B260007FE4D6 /* pageResult.swift */ = {isa = PBXFileReference; lastKnownFileType = sourcecode.swift; path = pageResult.swift; sourceTree = "<group>"; };
		029003BB28B2B59D007FE4D6 /* RickAndMortyListViewModel.swift */ = {isa = PBXFileReference; lastKnownFileType = sourcecode.swift; path = RickAndMortyListViewModel.swift; sourceTree = "<group>"; };
		029003BF28B2BA00007FE4D6 /* ContentView.swift */ = {isa = PBXFileReference; lastKnownFileType = sourcecode.swift; path = ContentView.swift; sourceTree = "<group>"; };
		029003C128B2BABD007FE4D6 /* RickAndMortyDetailView.swift */ = {isa = PBXFileReference; lastKnownFileType = sourcecode.swift; path = RickAndMortyDetailView.swift; sourceTree = "<group>"; };
		029003C328B2BAC9007FE4D6 /* RickAndMortyView.swift */ = {isa = PBXFileReference; lastKnownFileType = sourcecode.swift; path = RickAndMortyView.swift; sourceTree = "<group>"; };
/* End PBXFileReference section */

/* Begin PBXFrameworksBuildPhase section */
		0290039B28B2A8DB007FE4D6 /* Frameworks */ = {
			isa = PBXFrameworksBuildPhase;
			buildActionMask = 2147483647;
			files = (
			);
			runOnlyForDeploymentPostprocessing = 0;
		};
/* End PBXFrameworksBuildPhase section */

/* Begin PBXGroup section */
		0290039528B2A8DB007FE4D6 = {
			isa = PBXGroup;
			children = (
				029003A028B2A8DB007FE4D6 /* RickAndMortySwiftyUI */,
				0290039F28B2A8DB007FE4D6 /* Products */,
			);
			sourceTree = "<group>";
		};
		0290039F28B2A8DB007FE4D6 /* Products */ = {
			isa = PBXGroup;
			children = (
				0290039E28B2A8DB007FE4D6 /* RickAndMortySwiftyUI.app */,
			);
			name = Products;
			sourceTree = "<group>";
		};
		029003A028B2A8DB007FE4D6 /* RickAndMortySwiftyUI */ = {
			isa = PBXGroup;
			children = (
				029003A128B2A8DB007FE4D6 /* RickAndMortySwiftyUIApp.swift */,
				029003AF28B2A953007FE4D6 /* View */,
				029003B028B2A95A007FE4D6 /* ViewModel */,
				029003B128B2A962007FE4D6 /* Model */,
				029003B228B2A968007FE4D6 /* Service */,
				029003A528B2A8DD007FE4D6 /* Assets.xcassets */,
				029003A728B2A8DD007FE4D6 /* Preview Content */,
			);
			path = RickAndMortySwiftyUI;
			sourceTree = "<group>";
		};
		029003A728B2A8DD007FE4D6 /* Preview Content */ = {
			isa = PBXGroup;
			children = (
				029003A828B2A8DD007FE4D6 /* Preview Assets.xcassets */,
			);
			path = "Preview Content";
			sourceTree = "<group>";
		};
		029003AF28B2A953007FE4D6 /* View */ = {
			isa = PBXGroup;
			children = (
				029003BF28B2BA00007FE4D6 /* ContentView.swift */,
				029003C128B2BABD007FE4D6 /* RickAndMortyDetailView.swift */,
				029003C328B2BAC9007FE4D6 /* RickAndMortyView.swift */,
			);
			path = View;
			sourceTree = "<group>";
		};
		029003B028B2A95A007FE4D6 /* ViewModel */ = {
			isa = PBXGroup;
			children = (
				029003BB28B2B59D007FE4D6 /* RickAndMortyListViewModel.swift */,
			);
			path = ViewModel;
			sourceTree = "<group>";
		};
		029003B128B2A962007FE4D6 /* Model */ = {
			isa = PBXGroup;
			children = (
				029003B928B2B260007FE4D6 /* pageResult.swift */,
			);
			path = Model;
			sourceTree = "<group>";
		};
		029003B228B2A968007FE4D6 /* Service */ = {
			isa = PBXGroup;
			children = (
				029003B328B2A9D7007FE4D6 /* NetworkParams.swift */,
				029003B528B2AB4A007FE4D6 /* NetworkManager.swift */,
				029003B728B2AF24007FE4D6 /* NetworkError.swift */,
			);
			path = Service;
			sourceTree = "<group>";
		};
/* End PBXGroup section */

/* Begin PBXNativeTarget section */
		0290039D28B2A8DB007FE4D6 /* RickAndMortySwiftyUI */ = {
			isa = PBXNativeTarget;
			buildConfigurationList = 029003AC28B2A8DD007FE4D6 /* Build configuration list for PBXNativeTarget "RickAndMortySwiftyUI" */;
			buildPhases = (
				0290039A28B2A8DB007FE4D6 /* Sources */,
				0290039B28B2A8DB007FE4D6 /* Frameworks */,
				0290039C28B2A8DB007FE4D6 /* Resources */,
			);
			buildRules = (
			);
			dependencies = (
			);
			name = RickAndMortySwiftyUI;
			productName = RickAndMortySwiftyUI;
			productReference = 0290039E28B2A8DB007FE4D6 /* RickAndMortySwiftyUI.app */;
			productType = "com.apple.product-type.application";
		};
/* End PBXNativeTarget section */

/* Begin PBXProject section */
		0290039628B2A8DB007FE4D6 /* Project object */ = {
			isa = PBXProject;
			attributes = {
				BuildIndependentTargetsInParallel = 1;
				LastSwiftUpdateCheck = 1340;
				LastUpgradeCheck = 1340;
				TargetAttributes = {
					0290039D28B2A8DB007FE4D6 = {
						CreatedOnToolsVersion = 13.4.1;
					};
				};
			};
			buildConfigurationList = 0290039928B2A8DB007FE4D6 /* Build configuration list for PBXProject "RickAndMortySwiftyUI" */;
			compatibilityVersion = "Xcode 13.0";
			developmentRegion = en;
			hasScannedForEncodings = 0;
			knownRegions = (
				en,
				Base,
			);
			mainGroup = 0290039528B2A8DB007FE4D6;
			productRefGroup = 0290039F28B2A8DB007FE4D6 /* Products */;
			projectDirPath = "";
			projectRoot = "";
			targets = (
				0290039D28B2A8DB007FE4D6 /* RickAndMortySwiftyUI */,
			);
		};
/* End PBXProject section */

/* Begin PBXResourcesBuildPhase section */
		0290039C28B2A8DB007FE4D6 /* Resources */ = {
			isa = PBXResourcesBuildPhase;
			buildActionMask = 2147483647;
			files = (
				029003A928B2A8DD007FE4D6 /* Preview Assets.xcassets in Resources */,
				029003A628B2A8DD007FE4D6 /* Assets.xcassets in Resources */,
			);
			runOnlyForDeploymentPostprocessing = 0;
		};
/* End PBXResourcesBuildPhase section */

/* Begin PBXSourcesBuildPhase section */
		0290039A28B2A8DB007FE4D6 /* Sources */ = {
			isa = PBXSourcesBuildPhase;
			buildActionMask = 2147483647;
			files = (
				029003B628B2AB4A007FE4D6 /* NetworkManager.swift in Sources */,
				029003C028B2BA00007FE4D6 /* ContentView.swift in Sources */,
				029003A228B2A8DB007FE4D6 /* RickAndMortySwiftyUIApp.swift in Sources */,
				029003B428B2A9D7007FE4D6 /* NetworkParams.swift in Sources */,
				029003BC28B2B59D007FE4D6 /* RickAndMortyListViewModel.swift in Sources */,
				029003C228B2BABD007FE4D6 /* RickAndMortyDetailView.swift in Sources */,
				029003C428B2BAC9007FE4D6 /* RickAndMortyView.swift in Sources */,
				029003B828B2AF24007FE4D6 /* NetworkError.swift in Sources */,
				029003BA28B2B260007FE4D6 /* pageResult.swift in Sources */,
			);
			runOnlyForDeploymentPostprocessing = 0;
		};
/* End PBXSourcesBuildPhase section */

/* Begin XCBuildConfiguration section */
		029003AA28B2A8DD007FE4D6 /* Debug */ = {
			isa = XCBuildConfiguration;
			buildSettings = {
				ALWAYS_SEARCH_USER_PATHS = NO;
				CLANG_ANALYZER_NONNULL = YES;
				CLANG_ANALYZER_NUMBER_OBJECT_CONVERSION = YES_AGGRESSIVE;
				CLANG_CXX_LANGUAGE_STANDARD = "gnu++17";
				CLANG_ENABLE_MODULES = YES;
				CLANG_ENABLE_OBJC_ARC = YES;
				CLANG_ENABLE_OBJC_WEAK = YES;
				CLANG_WARN_BLOCK_CAPTURE_AUTORELEASING = YES;
				CLANG_WARN_BOOL_CONVERSION = YES;
				CLANG_WARN_COMMA = YES;
				CLANG_WARN_CONSTANT_CONVERSION = YES;
				CLANG_WARN_DEPRECATED_OBJC_IMPLEMENTATIONS = YES;
				CLANG_WARN_DIRECT_OBJC_ISA_USAGE = YES_ERROR;
				CLANG_WARN_DOCUMENTATION_COMMENTS = YES;
				CLANG_WARN_EMPTY_BODY = YES;
				CLANG_WARN_ENUM_CONVERSION = YES;
				CLANG_WARN_INFINITE_RECURSION = YES;
				CLANG_WARN_INT_CONVERSION = YES;
				CLANG_WARN_NON_LITERAL_NULL_CONVERSION = YES;
				CLANG_WARN_OBJC_IMPLICIT_RETAIN_SELF = YES;
				CLANG_WARN_OBJC_LITERAL_CONVERSION = YES;
				CLANG_WARN_OBJC_ROOT_CLASS = YES_ERROR;
				CLANG_WARN_QUOTED_INCLUDE_IN_FRAMEWORK_HEADER = YES;
				CLANG_WARN_RANGE_LOOP_ANALYSIS = YES;
				CLANG_WARN_STRICT_PROTOTYPES = YES;
				CLANG_WARN_SUSPICIOUS_MOVE = YES;
				CLANG_WARN_UNGUARDED_AVAILABILITY = YES_AGGRESSIVE;
				CLANG_WARN_UNREACHABLE_CODE = YES;
				CLANG_WARN__DUPLICATE_METHOD_MATCH = YES;
				COPY_PHASE_STRIP = NO;
				DEBUG_INFORMATION_FORMAT = dwarf;
				ENABLE_STRICT_OBJC_MSGSEND = YES;
				ENABLE_TESTABILITY = YES;
				GCC_C_LANGUAGE_STANDARD = gnu11;
				GCC_DYNAMIC_NO_PIC = NO;
				GCC_NO_COMMON_BLOCKS = YES;
				GCC_OPTIMIZATION_LEVEL = 0;
				GCC_PREPROCESSOR_DEFINITIONS = (
					"DEBUG=1",
					"$(inherited)",
				);
				GCC_WARN_64_TO_32_BIT_CONVERSION = YES;
				GCC_WARN_ABOUT_RETURN_TYPE = YES_ERROR;
				GCC_WARN_UNDECLARED_SELECTOR = YES;
				GCC_WARN_UNINITIALIZED_AUTOS = YES_AGGRESSIVE;
				GCC_WARN_UNUSED_FUNCTION = YES;
				GCC_WARN_UNUSED_VARIABLE = YES;
				IPHONEOS_DEPLOYMENT_TARGET = 15.5;
				MTL_ENABLE_DEBUG_INFO = INCLUDE_SOURCE;
				MTL_FAST_MATH = YES;
				ONLY_ACTIVE_ARCH = YES;
				SDKROOT = iphoneos;
				SWIFT_ACTIVE_COMPILATION_CONDITIONS = DEBUG;
				SWIFT_OPTIMIZATION_LEVEL = "-Onone";
			};
			name = Debug;
		};
		029003AB28B2A8DD007FE4D6 /* Release */ = {
			isa = XCBuildConfiguration;
			buildSettings = {
				ALWAYS_SEARCH_USER_PATHS = NO;
				CLANG_ANALYZER_NONNULL = YES;
				CLANG_ANALYZER_NUMBER_OBJECT_CONVERSION = YES_AGGRESSIVE;
				CLANG_CXX_LANGUAGE_STANDARD = "gnu++17";
				CLANG_ENABLE_MODULES = YES;
				CLANG_ENABLE_OBJC_ARC = YES;
				CLANG_ENABLE_OBJC_WEAK = YES;
				CLANG_WARN_BLOCK_CAPTURE_AUTORELEASING = YES;
				CLANG_WARN_BOOL_CONVERSION = YES;
				CLANG_WARN_COMMA = YES;
				CLANG_WARN_CONSTANT_CONVERSION = YES;
				CLANG_WARN_DEPRECATED_OBJC_IMPLEMENTATIONS = YES;
				CLANG_WARN_DIRECT_OBJC_ISA_USAGE = YES_ERROR;
				CLANG_WARN_DOCUMENTATION_COMMENTS = YES;
				CLANG_WARN_EMPTY_BODY = YES;
				CLANG_WARN_ENUM_CONVERSION = YES;
				CLANG_WARN_INFINITE_RECURSION = YES;
				CLANG_WARN_INT_CONVERSION = YES;
				CLANG_WARN_NON_LITERAL_NULL_CONVERSION = YES;
				CLANG_WARN_OBJC_IMPLICIT_RETAIN_SELF = YES;
				CLANG_WARN_OBJC_LITERAL_CONVERSION = YES;
				CLANG_WARN_OBJC_ROOT_CLASS = YES_ERROR;
				CLANG_WARN_QUOTED_INCLUDE_IN_FRAMEWORK_HEADER = YES;
				CLANG_WARN_RANGE_LOOP_ANALYSIS = YES;
				CLANG_WARN_STRICT_PROTOTYPES = YES;
				CLANG_WARN_SUSPICIOUS_MOVE = YES;
				CLANG_WARN_UNGUARDED_AVAILABILITY = YES_AGGRESSIVE;
				CLANG_WARN_UNREACHABLE_CODE = YES;
				CLANG_WARN__DUPLICATE_METHOD_MATCH = YES;
				COPY_PHASE_STRIP = NO;
				DEBUG_INFORMATION_FORMAT = "dwarf-with-dsym";
				ENABLE_NS_ASSERTIONS = NO;
				ENABLE_STRICT_OBJC_MSGSEND = YES;
				GCC_C_LANGUAGE_STANDARD = gnu11;
				GCC_NO_COMMON_BLOCKS = YES;
				GCC_WARN_64_TO_32_BIT_CONVERSION = YES;
				GCC_WARN_ABOUT_RETURN_TYPE = YES_ERROR;
				GCC_WARN_UNDECLARED_SELECTOR = YES;
				GCC_WARN_UNINITIALIZED_AUTOS = YES_AGGRESSIVE;
				GCC_WARN_UNUSED_FUNCTION = YES;
				GCC_WARN_UNUSED_VARIABLE = YES;
				IPHONEOS_DEPLOYMENT_TARGET = 15.5;
				MTL_ENABLE_DEBUG_INFO = NO;
				MTL_FAST_MATH = YES;
				SDKROOT = iphoneos;
				SWIFT_COMPILATION_MODE = wholemodule;
				SWIFT_OPTIMIZATION_LEVEL = "-O";
				VALIDATE_PRODUCT = YES;
			};
			name = Release;
		};
		029003AD28B2A8DD007FE4D6 /* Debug */ = {
			isa = XCBuildConfiguration;
			buildSettings = {
				ASSETCATALOG_COMPILER_APPICON_NAME = AppIcon;
				ASSETCATALOG_COMPILER_GLOBAL_ACCENT_COLOR_NAME = AccentColor;
				CODE_SIGN_STYLE = Automatic;
				CURRENT_PROJECT_VERSION = 1;
				DEVELOPMENT_ASSET_PATHS = "\"RickAndMortySwiftyUI/Preview Content\"";
				ENABLE_PREVIEWS = YES;
				GENERATE_INFOPLIST_FILE = YES;
				INFOPLIST_KEY_UIApplicationSceneManifest_Generation = YES;
				INFOPLIST_KEY_UIApplicationSupportsIndirectInputEvents = YES;
				INFOPLIST_KEY_UILaunchScreen_Generation = YES;
				INFOPLIST_KEY_UISupportedInterfaceOrientations_iPad = "UIInterfaceOrientationPortrait UIInterfaceOrientationPortraitUpsideDown UIInterfaceOrientationLandscapeLeft UIInterfaceOrientationLandscapeRight";
				INFOPLIST_KEY_UISupportedInterfaceOrientations_iPhone = "UIInterfaceOrientationPortrait UIInterfaceOrientationLandscapeLeft UIInterfaceOrientationLandscapeRight";
				LD_RUNPATH_SEARCH_PATHS = (
					"$(inherited)",
					"@executable_path/Frameworks",
				);
				MARKETING_VERSION = 1.0;
				PRODUCT_BUNDLE_IDENTIFIER = Denisse.RickAndMortySwiftyUI;
				PRODUCT_NAME = "$(TARGET_NAME)";
				SWIFT_EMIT_LOC_STRINGS = YES;
				SWIFT_VERSION = 5.0;
				TARGETED_DEVICE_FAMILY = "1,2";
			};
			name = Debug;
		};
		029003AE28B2A8DD007FE4D6 /* Release */ = {
			isa = XCBuildConfiguration;
			buildSettings = {
				ASSETCATALOG_COMPILER_APPICON_NAME = AppIcon;
				ASSETCATALOG_COMPILER_GLOBAL_ACCENT_COLOR_NAME = AccentColor;
				CODE_SIGN_STYLE = Automatic;
				CURRENT_PROJECT_VERSION = 1;
				DEVELOPMENT_ASSET_PATHS = "\"RickAndMortySwiftyUI/Preview Content\"";
				ENABLE_PREVIEWS = YES;
				GENERATE_INFOPLIST_FILE = YES;
				INFOPLIST_KEY_UIApplicationSceneManifest_Generation = YES;
				INFOPLIST_KEY_UIApplicationSupportsIndirectInputEvents = YES;
				INFOPLIST_KEY_UILaunchScreen_Generation = YES;
				INFOPLIST_KEY_UISupportedInterfaceOrientations_iPad = "UIInterfaceOrientationPortrait UIInterfaceOrientationPortraitUpsideDown UIInterfaceOrientationLandscapeLeft UIInterfaceOrientationLandscapeRight";
				INFOPLIST_KEY_UISupportedInterfaceOrientations_iPhone = "UIInterfaceOrientationPortrait UIInterfaceOrientationLandscapeLeft UIInterfaceOrientationLandscapeRight";
				LD_RUNPATH_SEARCH_PATHS = (
					"$(inherited)",
					"@executable_path/Frameworks",
				);
				MARKETING_VERSION = 1.0;
				PRODUCT_BUNDLE_IDENTIFIER = Denisse.RickAndMortySwiftyUI;
				PRODUCT_NAME = "$(TARGET_NAME)";
				SWIFT_EMIT_LOC_STRINGS = YES;
				SWIFT_VERSION = 5.0;
				TARGETED_DEVICE_FAMILY = "1,2";
			};
			name = Release;
		};
/* End XCBuildConfiguration section */

/* Begin XCConfigurationList section */
		0290039928B2A8DB007FE4D6 /* Build configuration list for PBXProject "RickAndMortySwiftyUI" */ = {
			isa = XCConfigurationList;
			buildConfigurations = (
				029003AA28B2A8DD007FE4D6 /* Debug */,
				029003AB28B2A8DD007FE4D6 /* Release */,
			);
			defaultConfigurationIsVisible = 0;
			defaultConfigurationName = Release;
		};
		029003AC28B2A8DD007FE4D6 /* Build configuration list for PBXNativeTarget "RickAndMortySwiftyUI" */ = {
			isa = XCConfigurationList;
			buildConfigurations = (
				029003AD28B2A8DD007FE4D6 /* Debug */,
				029003AE28B2A8DD007FE4D6 /* Release */,
			);
			defaultConfigurationIsVisible = 0;
			defaultConfigurationName = Release;
		};
/* End XCConfigurationList section */
	};
	rootObject = 0290039628B2A8DB007FE4D6 /* Project object */;
}
